
Microsoft Visual Studio Solution File, Format Version 12.00
# Visual Studio Version 16
VisualStudioVersion = 16.0.29009.5
MinimumVisualStudioVersion = 10.0.40219.1
Project("{FAE04EC0-301F-11D3-BF4B-00C04F79EFBC}") = "Vidzy", "Vidzy\Vidzy.csproj", "{7D6E6CF1-7BE1-4021-A5AA-48D49AC70684}"
EndProject
Global
	GlobalSection(SolutionConfigurationPlatforms) = preSolution
		Debug|Any CPU = Debug|Any CPU
		Release|Any CPU = Release|Any CPU
	EndGlobalSection
	GlobalSection(ProjectConfigurationPlatforms) = postSolution
		{7D6E6CF1-7BE1-4021-A5AA-48D49AC70684}.Debug|Any CPU.ActiveCfg = Debug|Any CPU
		{7D6E6CF1-7BE1-4021-A5AA-48D49AC70684}.Debug|Any CPU.Build.0 = Debug|Any CPU
		{7D6E6CF1-7BE1-4021-A5AA-48D49AC70684}.Release|Any CPU.ActiveCfg = Release|Any CPU
		{7D6E6CF1-7BE1-4021-A5AA-48D49AC70684}.Release|Any CPU.Build.0 = Release|Any CPU
	EndGlobalSection
	GlobalSection(SolutionProperties) = preSolution
		HideSolutionNode = FALSE
	EndGlobalSection
	GlobalSection(ExtensibilityGlobals) = postSolution
		SolutionGuid = {74B1167F-9D05-41D8-B252-760CC768CEC1}
	EndGlobalSection
EndGlobal
